PODS:
  - AMap3DMap (6.9.0):
    - AMapFoundation (~> 1.5)
  - amap_core_fluttify (0.0.1):
    - AMapFoundation (~> 1.6)
    - Flutter
    - foundation_fluttify
  - amap_map_fluttify (0.0.1):
    - AMap3DMap (~> 6.9.0)
    - amap_core_fluttify
    - Flutter
    - foundation_fluttify
    - url_launcher
  - AMapFoundation (1.6.3)
  - core_location_fluttify (0.0.1):
    - Flutter
  - Flutter (1.0.0)
  - foundation_fluttify (0.0.1):
    - Flutter
  - path_provider (0.0.1):
    - Flutter
  - path_provider_linux (0.0.1):
    - Flutter
  - path_provider_macos (0.0.1):
    - Flutter
  - "permission_handler (5.0.1+1)":
    - Flutter
  - url_launcher (0.0.1):
    - Flutter
  - url_launcher_linux (0.0.1):
    - Flutter
  - url_launcher_macos (0.0.1):
    - Flutter
  - url_launcher_web (0.0.1):
    - Flutter

DEPENDENCIES:
  - amap_core_fluttify (from `.symlinks/plugins/amap_core_fluttify/ios`)
  - amap_map_fluttify (from `.symlinks/plugins/amap_map_fluttify/ios`)
  - core_location_fluttify (from `.symlinks/plugins/core_location_fluttify/ios`)
  - Flutter (from `Flutter`)
  - foundation_fluttify (from `.symlinks/plugins/foundation_fluttify/ios`)
  - path_provider (from `.symlinks/plugins/path_provider/ios`)
  - path_provider_linux (from `.symlinks/plugins/path_provider_linux/ios`)
  - path_provider_macos (from `.symlinks/plugins/path_provider_macos/ios`)
  - permission_handler (from `.symlinks/plugins/permission_handler/ios`)
  - url_launcher (from `.symlinks/plugins/url_launcher/ios`)
  - url_launcher_linux (from `.symlinks/plugins/url_launcher_linux/ios`)
  - url_launcher_macos (from `.symlinks/plugins/url_launcher_macos/ios`)
  - url_launcher_web (from `.symlinks/plugins/url_launcher_web/ios`)

SPEC REPOS:
  trunk:
    - AMap3DMap
    - AMapFoundation

EXTERNAL SOURCES:
  amap_core_fluttify:
    :path: ".symlinks/plugins/amap_core_fluttify/ios"
  amap_map_fluttify:
    :path: ".symlinks/plugins/amap_map_fluttify/ios"
  core_location_fluttify:
    :path: ".symlinks/plugins/core_location_fluttify/ios"
  Flutter:
    :path: Flutter
  foundation_fluttify:
    :path: ".symlinks/plugins/foundation_fluttify/ios"
  path_provider:
    :path: ".symlinks/plugins/path_provider/ios"
  path_provider_linux:
    :path: ".symlinks/plugins/path_provider_linux/ios"
  path_provider_macos:
    :path: ".symlinks/plugins/path_provider_macos/ios"
  permission_handler:
    :path: ".symlinks/plugins/permission_handler/ios"
  url_launcher:
    :path: ".symlinks/plugins/url_launcher/ios"
  url_launcher_linux:
    :path: ".symlinks/plugins/url_launcher_linux/ios"
  url_launcher_macos:
    :path: ".symlinks/plugins/url_launcher_macos/ios"
  url_launcher_web:
    :path: ".symlinks/plugins/url_launcher_web/ios"

SPEC CHECKSUMS:
  AMap3DMap: c80b264f08f179d9b0949b84c65fc1a51dec9d6f
  amap_core_fluttify: bc2e4245c6a6d869727ed16b009a9fa3dbefcf4a
  amap_map_fluttify: 6bd999f53083b7c34d8c566f0178e15be2a1edbc
  AMapFoundation: 9ed923193b357ebb30a073e9fe255d3c24054d5a
  core_location_fluttify: 24cc9dcd986ac7059916632d2cb3babb1568ff61
  Flutter: 0e3d915762c693b495b44d77113d4970485de6ec
  foundation_fluttify: 0c45145e3fad1fb99188e4979daed5b24cd9b278
  path_provider: abfe2b5c733d04e238b0d8691db0cfd63a27a93c
  path_provider_linux: 4d630dc393e1f20364f3e3b4a2ff41d9674a84e4
  path_provider_macos: f760a3c5b04357c380e2fddb6f9db6f3015897e0
  permission_handler: eac8e15b4a1a3fba55b761d19f3f4e6b005d15b6
  url_launcher: 6fef411d543ceb26efce54b05a0a40bfd74cbbef
  url_launcher_linux: ac237cb7a8058736e4aae38bdbcc748a4b394cc0
  url_launcher_macos: fd7894421cd39320dce5f292fc99ea9270b2a313
  url_launcher_web: e5527357f037c87560776e36436bf2b0288b965c

PODFILE CHECKSUM: f32fb4e7c14f8b3ca19a369d7be425dd9241af27

COCOAPODS: 1.9.3
